
Microsoft Visual Studio Solution File, Format Version 12.00
# Visual Studio Version 17
VisualStudioVersion = 17.9.34701.34
MinimumVisualStudioVersion = 10.0.40219.1
Project("{FAE04EC0-301F-11D3-BF4B-00C04F79EFBC}") = "01_MainSubjact", "01_MainSubjact\01_MainSubjact.csproj", "{7C65941F-1B55-4B25-82B6-7F8FCDEB7D00}"
EndProject
Project("{FAE04EC0-301F-11D3-BF4B-00C04F79EFBC}") = "02_Variables", "02_Variables\02_Variables.csproj", "{783DB55F-E15B-47DA-A436-277F2D49D7DD}"
EndProject
Project("{FAE04EC0-301F-11D3-BF4B-00C04F79EFBC}") = "03_MakingDecision", "03_MakingDecision\03_MakingDecision.csproj", "{8C32DBDB-826F-4B4C-8CE7-66E868946F0D}"
EndProject
Project("{FAE04EC0-301F-11D3-BF4B-00C04F79EFBC}") = "04_Loops", "04_Loops\04_Loops.csproj", "{7BF4850A-F36A-4925-BED0-60EF35B78337}"
EndProject
Project("{FAE04EC0-301F-11D3-BF4B-00C04F79EFBC}") = "05_LoopsWithStars", "05_LoopsWithStars\05_LoopsWithStars.csproj", "{87B381E2-4C29-4703-BD5D-8BF74C298DB4}"
EndProject
Project("{FAE04EC0-301F-11D3-BF4B-00C04F79EFBC}") = "06_Arrays", "06_Arrays\06_Arrays.csproj", "{62B2DB24-696C-48C4-B328-95D6ED92C10E}"
EndProject
Project("{FAE04EC0-301F-11D3-BF4B-00C04F79EFBC}") = "07_ForeachLoop", "07_ForeachLoop\07_ForeachLoop.csproj", "{43FC2A6A-0F89-4BE7-9793-1CBDC259AA12}"
EndProject
Global
	GlobalSection(SolutionConfigurationPlatforms) = preSolution
		Debug|Any CPU = Debug|Any CPU
		Release|Any CPU = Release|Any CPU
	EndGlobalSection
	GlobalSection(ProjectConfigurationPlatforms) = postSolution
		{7C65941F-1B55-4B25-82B6-7F8FCDEB7D00}.Debug|Any CPU.ActiveCfg = Debug|Any CPU
		{7C65941F-1B55-4B25-82B6-7F8FCDEB7D00}.Debug|Any CPU.Build.0 = Debug|Any CPU
		{7C65941F-1B55-4B25-82B6-7F8FCDEB7D00}.Release|Any CPU.ActiveCfg = Release|Any CPU
		{7C65941F-1B55-4B25-82B6-7F8FCDEB7D00}.Release|Any CPU.Build.0 = Release|Any CPU
		{783DB55F-E15B-47DA-A436-277F2D49D7DD}.Debug|Any CPU.ActiveCfg = Debug|Any CPU
		{783DB55F-E15B-47DA-A436-277F2D49D7DD}.Debug|Any CPU.Build.0 = Debug|Any CPU
		{783DB55F-E15B-47DA-A436-277F2D49D7DD}.Release|Any CPU.ActiveCfg = Release|Any CPU
		{783DB55F-E15B-47DA-A436-277F2D49D7DD}.Release|Any CPU.Build.0 = Release|Any CPU
		{8C32DBDB-826F-4B4C-8CE7-66E868946F0D}.Debug|Any CPU.ActiveCfg = Debug|Any CPU
		{8C32DBDB-826F-4B4C-8CE7-66E868946F0D}.Debug|Any CPU.Build.0 = Debug|Any CPU
		{8C32DBDB-826F-4B4C-8CE7-66E868946F0D}.Release|Any CPU.ActiveCfg = Release|Any CPU
		{8C32DBDB-826F-4B4C-8CE7-66E868946F0D}.Release|Any CPU.Build.0 = Release|Any CPU
		{7BF4850A-F36A-4925-BED0-60EF35B78337}.Debug|Any CPU.ActiveCfg = Debug|Any CPU
		{7BF4850A-F36A-4925-BED0-60EF35B78337}.Debug|Any CPU.Build.0 = Debug|Any CPU
		{7BF4850A-F36A-4925-BED0-60EF35B78337}.Release|Any CPU.ActiveCfg = Release|Any CPU
		{7BF4850A-F36A-4925-BED0-60EF35B78337}.Release|Any CPU.Build.0 = Release|Any CPU
		{87B381E2-4C29-4703-BD5D-8BF74C298DB4}.Debug|Any CPU.ActiveCfg = Debug|Any CPU
		{87B381E2-4C29-4703-BD5D-8BF74C298DB4}.Debug|Any CPU.Build.0 = Debug|Any CPU
		{87B381E2-4C29-4703-BD5D-8BF74C298DB4}.Release|Any CPU.ActiveCfg = Release|Any CPU
		{87B381E2-4C29-4703-BD5D-8BF74C298DB4}.Release|Any CPU.Build.0 = Release|Any CPU
		{62B2DB24-696C-48C4-B328-95D6ED92C10E}.Debug|Any CPU.ActiveCfg = Debug|Any CPU
		{62B2DB24-696C-48C4-B328-95D6ED92C10E}.Debug|Any CPU.Build.0 = Debug|Any CPU
		{62B2DB24-696C-48C4-B328-95D6ED92C10E}.Release|Any CPU.ActiveCfg = Release|Any CPU
		{62B2DB24-696C-48C4-B328-95D6ED92C10E}.Release|Any CPU.Build.0 = Release|Any CPU
		{43FC2A6A-0F89-4BE7-9793-1CBDC259AA12}.Debug|Any CPU.ActiveCfg = Debug|Any CPU
		{43FC2A6A-0F89-4BE7-9793-1CBDC259AA12}.Debug|Any CPU.Build.0 = Debug|Any CPU
		{43FC2A6A-0F89-4BE7-9793-1CBDC259AA12}.Release|Any CPU.ActiveCfg = Release|Any CPU
		{43FC2A6A-0F89-4BE7-9793-1CBDC259AA12}.Release|Any CPU.Build.0 = Release|Any CPU
	EndGlobalSection
	GlobalSection(SolutionProperties) = preSolution
		HideSolutionNode = FALSE
	EndGlobalSection
	GlobalSection(ExtensibilityGlobals) = postSolution
		SolutionGuid = {53BA18AB-D126-482A-99B5-25ED80AC91DF}
	EndGlobalSection
EndGlobal
